
Microsoft Visual Studio Solution File, Format Version 12.00
# Visual Studio 15
VisualStudioVersion = 15.0.28307.572
MinimumVisualStudioVersion = 10.0.40219.1
Project("{9A19103F-16F7-4668-BE54-9A1E7A4F7556}") = "Planeat API", "Planeat API\Planeat API.csproj", "{6E01A58B-D3B2-4A0A-A4DE-24794BBDC066}"
EndProject
Project("{FAE04EC0-301F-11D3-BF4B-00C04F79EFBC}") = "Entities", "Entities\Entities.csproj", "{A932BE57-2911-4FA2-8D93-022D75A0DC39}"
EndProject
Global
	GlobalSection(SolutionConfigurationPlatforms) = preSolution
		Debug|Any CPU = Debug|Any CPU
		Release|Any CPU = Release|Any CPU
	EndGlobalSection
	GlobalSection(ProjectConfigurationPlatforms) = postSolution
		{6E01A58B-D3B2-4A0A-A4DE-24794BBDC066}.Debug|Any CPU.ActiveCfg = Debug|Any CPU
		{6E01A58B-D3B2-4A0A-A4DE-24794BBDC066}.Debug|Any CPU.Build.0 = Debug|Any CPU
		{6E01A58B-D3B2-4A0A-A4DE-24794BBDC066}.Release|Any CPU.ActiveCfg = Release|Any CPU
		{6E01A58B-D3B2-4A0A-A4DE-24794BBDC066}.Release|Any CPU.Build.0 = Release|Any CPU
		{A932BE57-2911-4FA2-8D93-022D75A0DC39}.Debug|Any CPU.ActiveCfg = Debug|Any CPU
		{A932BE57-2911-4FA2-8D93-022D75A0DC39}.Debug|Any CPU.Build.0 = Debug|Any CPU
		{A932BE57-2911-4FA2-8D93-022D75A0DC39}.Release|Any CPU.ActiveCfg = Release|Any CPU
		{A932BE57-2911-4FA2-8D93-022D75A0DC39}.Release|Any CPU.Build.0 = Release|Any CPU
	EndGlobalSection
	GlobalSection(SolutionProperties) = preSolution
		HideSolutionNode = FALSE
	EndGlobalSection
	GlobalSection(ExtensibilityGlobals) = postSolution
		SolutionGuid = {B6E6A2F8-D6DD-4060-939B-5D470AFB23FB}
	EndGlobalSection
EndGlobal
